
Microsoft Visual Studio Solution File, Format Version 12.00
# Visual Studio Version 17
VisualStudioVersion = 17.1.32228.430
MinimumVisualStudioVersion = 10.0.40219.1
Project("{FAE04EC0-301F-11D3-BF4B-00C04F79EFBC}") = "praktikumWeek4", "praktikumWeek4\praktikumWeek4.csproj", "{86AED34A-81C1-487C-8466-E4ED66ABCD4D}"
EndProject
Global
	GlobalSection(SolutionConfigurationPlatforms) = preSolution
		Debug|Any CPU = Debug|Any CPU
		Release|Any CPU = Release|Any CPU
	EndGlobalSection
	GlobalSection(ProjectConfigurationPlatforms) = postSolution
		{86AED34A-81C1-487C-8466-E4ED66ABCD4D}.Debug|Any CPU.ActiveCfg = Debug|Any CPU
		{86AED34A-81C1-487C-8466-E4ED66ABCD4D}.Debug|Any CPU.Build.0 = Debug|Any CPU
		{86AED34A-81C1-487C-8466-E4ED66ABCD4D}.Release|Any CPU.ActiveCfg = Release|Any CPU
		{86AED34A-81C1-487C-8466-E4ED66ABCD4D}.Release|Any CPU.Build.0 = Release|Any CPU
	EndGlobalSection
	GlobalSection(SolutionProperties) = preSolution
		HideSolutionNode = FALSE
	EndGlobalSection
	GlobalSection(ExtensibilityGlobals) = postSolution
		SolutionGuid = {9953EE1F-FEB3-48DB-8662-E0D9882C538A}
	EndGlobalSection
EndGlobal
